// !$*UTF8*$!
{
	archiveVersion = 1;
	classes = {
	};
	objectVersion = 46;
	objects = {

/* Begin PBXBuildFile section */
		0715B915189ED3ED00B3EBD9 /* opensslconf.h in Headers */ = {isa = PBXBuildFile; fileRef = 0715B913189ED3ED00B3EBD9 /* opensslconf.h */; };
		071B28A8173FD8E700610E30 /* mac_printer.cpp in Sources */ = {isa = PBXBuildFile; fileRef = 071B28A5173FD8E600610E30 /* mac_printer.cpp */; };
		071B28A9173FD8E700610E30 /* mac_printer.h in Headers */ = {isa = PBXBuildFile; fileRef = 071B28A6173FD8E600610E30 /* mac_printer.h */; };
		071B28AA173FD8E700610E30 /* mac_shell.h in Headers */ = {isa = PBXBuildFile; fileRef = 071B28A7173FD8E600610E30 /* mac_shell.h */; };
		07884E8B189824F700DC6CEB /* libbase.dylib in Frameworks */ = {isa = PBXBuildFile; fileRef = 07884E89189824F700DC6CEB /* libbase.dylib */; };
		07884E8C189824F700DC6CEB /* libcore.dylib in Frameworks */ = {isa = PBXBuildFile; fileRef = 07884E8A189824F700DC6CEB /* libcore.dylib */; };
		9A1B496416A494A600875A94 /* framework.h in Headers */ = {isa = PBXBuildFile; fileRef = 9A1B496316A494A600875A94 /* framework.h */; };
		9A1B496716A4A10100875A94 /* framework.cpp in Sources */ = {isa = PBXBuildFile; fileRef = 9A1B496616A4A10100875A94 /* framework.cpp */; };
		9A1B496916A4A32500875A94 /* mac1.h in Headers */ = {isa = PBXBuildFile; fileRef = 9A1B496816A4A32500875A94 /* mac1.h */; };
		9A574B3616AA1AC7000CC4EF /* mac_copydesk.cpp in Sources */ = {isa = PBXBuildFile; fileRef = 9A574B3416AA1AC1000CC4EF /* mac_copydesk.cpp */; };
		9A574B3716AA1AC7000CC4EF /* mac_copydesk.h in Headers */ = {isa = PBXBuildFile; fileRef = 9A574B3516AA1AC4000CC4EF /* mac_copydesk.h */; };
		9A574B3A16AA1E97000CC4EF /* mac_crypto.cpp in Sources */ = {isa = PBXBuildFile; fileRef = 9A574B3816AA1E90000CC4EF /* mac_crypto.cpp */; };
		9A574B3B16AA1E97000CC4EF /* mac_crypto.h in Headers */ = {isa = PBXBuildFile; fileRef = 9A574B3916AA1E93000CC4EF /* mac_crypto.h */; };
		9A574B5716AA2049000CC4EF /* mac_ip_enum.cpp in Sources */ = {isa = PBXBuildFile; fileRef = 9A574B4916AA2042000CC4EF /* mac_ip_enum.cpp */; };
		9A574B5816AA2049000CC4EF /* mac_ip_enum.h in Headers */ = {isa = PBXBuildFile; fileRef = 9A574B4A16AA2045000CC4EF /* mac_ip_enum.h */; };
		9A574B5A16AA3B02000CC4EF /* mac_exception.cpp in Sources */ = {isa = PBXBuildFile; fileRef = 9A574B5916AA3AFA000CC4EF /* mac_exception.cpp */; };
		9A8997B7177CFA3300C7761E /* mac_mm.h in Headers */ = {isa = PBXBuildFile; fileRef = 9A8997B6177CFA3200C7761E /* mac_mm.h */; };
		9A8997BD177D0E7F00C7761E /* Carbon.framework in Frameworks */ = {isa = PBXBuildFile; fileRef = 9A8997BC177D0E7D00C7761E /* Carbon.framework */; };
		9AA1B44117634E520019E812 /* RoundWindow.h in Headers */ = {isa = PBXBuildFile; fileRef = 9AA1B3EA17634E520019E812 /* RoundWindow.h */; };
		9AA1B44217634E520019E812 /* RoundWindow.mm in Sources */ = {isa = PBXBuildFile; fileRef = 9AA1B3EB17634E520019E812 /* RoundWindow.mm */; };
		9AA1B44317634E520019E812 /* RoundWindowFrameView.h in Headers */ = {isa = PBXBuildFile; fileRef = 9AA1B3EC17634E520019E812 /* RoundWindowFrameView.h */; };
		9AA1B44417634E520019E812 /* RoundWindowFrameView.mm in Sources */ = {isa = PBXBuildFile; fileRef = 9AA1B3ED17634E520019E812 /* RoundWindowFrameView.mm */; };
		9AA1B447176355620019E812 /* round_window.mm in Sources */ = {isa = PBXBuildFile; fileRef = 9AA1B445176355610019E812 /* round_window.mm */; };
		9AA1B448176355620019E812 /* round_window.h in Headers */ = {isa = PBXBuildFile; fileRef = 9AA1B446176355610019E812 /* round_window.h */; };
		9AA1B44A176361950019E812 /* Cocoa.framework in Frameworks */ = {isa = PBXBuildFile; fileRef = 9AA1B449176361950019E812 /* Cocoa.framework */; };
		9AC444061770AA7C00DC2349 /* _c.h in Headers */ = {isa = PBXBuildFile; fileRef = 9AC444051770AA7C00DC2349 /* _c.h */; };
		9AC444081770AAB100DC2349 /* _ca.h in Headers */ = {isa = PBXBuildFile; fileRef = 9AC444071770AAB100DC2349 /* _ca.h */; };
		A1CFD8F9154FB715007447E2 /* _.h in Headers */ = {isa = PBXBuildFile; fileRef = A1CFD87D154FB715007447E2 /* _.h */; };
		A1CFD8FA154FB715007447E2 /* bare_operational_system.h in Headers */ = {isa = PBXBuildFile; fileRef = A1CFD87E154FB715007447E2 /* bare_operational_system.h */; };
		A1CFD8FB154FB715007447E2 /* ca2.h in Headers */ = {isa = PBXBuildFile; fileRef = A1CFD87F154FB715007447E2 /* ca2.h */; };
		A1CFD8FC154FB715007447E2 /* base_tsd.h in Headers */ = {isa = PBXBuildFile; fileRef = A1CFD882154FB715007447E2 /* base_tsd.h */; };
		A1CFD8FD154FB715007447E2 /* win.h in Headers */ = {isa = PBXBuildFile; fileRef = A1CFD883154FB715007447E2 /* win.h */; };
		A1CFD8FE154FB715007447E2 /* win_base.h in Headers */ = {isa = PBXBuildFile; fileRef = A1CFD884154FB715007447E2 /* win_base.h */; };
		A1CFD8FF154FB715007447E2 /* win_crtdefs.h in Headers */ = {isa = PBXBuildFile; fileRef = A1CFD885154FB715007447E2 /* win_crtdefs.h */; };
		A1CFD900154FB715007447E2 /* win_def.h in Headers */ = {isa = PBXBuildFile; fileRef = A1CFD886154FB715007447E2 /* win_def.h */; };
		A1CFD901154FB715007447E2 /* win_errno.h in Headers */ = {isa = PBXBuildFile; fileRef = A1CFD887154FB715007447E2 /* win_errno.h */; };
		A1CFD902154FB715007447E2 /* win_error.h in Headers */ = {isa = PBXBuildFile; fileRef = A1CFD888154FB715007447E2 /* win_error.h */; };
		A1CFD903154FB715007447E2 /* win_file.h in Headers */ = {isa = PBXBuildFile; fileRef = A1CFD889154FB715007447E2 /* win_file.h */; };
		A1CFD904154FB715007447E2 /* win_gdi.h in Headers */ = {isa = PBXBuildFile; fileRef = A1CFD88A154FB715007447E2 /* win_gdi.h */; };
		A1CFD905154FB715007447E2 /* win_nls.h in Headers */ = {isa = PBXBuildFile; fileRef = A1CFD88B154FB715007447E2 /* win_nls.h */; };
		A1CFD906154FB715007447E2 /* win_nt.h in Headers */ = {isa = PBXBuildFile; fileRef = A1CFD88C154FB715007447E2 /* win_nt.h */; };
		A1CFD907154FB715007447E2 /* win_user.h in Headers */ = {isa = PBXBuildFile; fileRef = A1CFD88D154FB715007447E2 /* win_user.h */; };
		A1CFD908154FB715007447E2 /* get_platform.h in Headers */ = {isa = PBXBuildFile; fileRef = A1CFD88E154FB715007447E2 /* get_platform.h */; };
		A1CFD909154FB715007447E2 /* macos_system.h in Headers */ = {isa = PBXBuildFile; fileRef = A1CFD88F154FB715007447E2 /* macos_system.h */; };
		A1CFD90A154FB715007447E2 /* operational_system.h in Headers */ = {isa = PBXBuildFile; fileRef = A1CFD890154FB715007447E2 /* operational_system.h */; };
		A1CFD90B154FB715007447E2 /* version.h in Headers */ = {isa = PBXBuildFile; fileRef = A1CFD891154FB715007447E2 /* version.h */; };
		A1CFD90C154FB715007447E2 /* version_configuration.h in Headers */ = {isa = PBXBuildFile; fileRef = A1CFD892154FB715007447E2 /* version_configuration.h */; };
		A1CFD90D154FB715007447E2 /* version_cpu.h in Headers */ = {isa = PBXBuildFile; fileRef = A1CFD893154FB715007447E2 /* version_cpu.h */; };
		A1CFD90E154FB715007447E2 /* version_dylib.h in Headers */ = {isa = PBXBuildFile; fileRef = A1CFD894154FB715007447E2 /* version_dylib.h */; };
		A1CFD90F154FB715007447E2 /* version_macos.h in Headers */ = {isa = PBXBuildFile; fileRef = A1CFD895154FB715007447E2 /* version_macos.h */; };
		A1CFD910154FB715007447E2 /* mac_afxabort.cpp in Sources */ = {isa = PBXBuildFile; fileRef = A1CFD897154FB715007447E2 /* mac_afxabort.cpp */; };
		A1CFD911154FB715007447E2 /* mac_afxImpl.h in Headers */ = {isa = PBXBuildFile; fileRef = A1CFD898154FB715007447E2 /* mac_afxImpl.h */; };
		A1CFD912154FB715007447E2 /* mac_afxmem.cpp in Sources */ = {isa = PBXBuildFile; fileRef = A1CFD899154FB715007447E2 /* mac_afxmem.cpp */; };
		A1CFD913154FB715007447E2 /* mac_afxstate.cpp in Sources */ = {isa = PBXBuildFile; fileRef = A1CFD89A154FB715007447E2 /* mac_afxstate.cpp */; };
		A1CFD914154FB715007447E2 /* mac_appcore.cpp in Sources */ = {isa = PBXBuildFile; fileRef = A1CFD89B154FB715007447E2 /* mac_appcore.cpp */; };
		A1CFD916154FB715007447E2 /* mac_application.cpp in Sources */ = {isa = PBXBuildFile; fileRef = A1CFD89D154FB715007447E2 /* mac_application.cpp */; };
		A1CFD917154FB715007447E2 /* mac_application.h in Headers */ = {isa = PBXBuildFile; fileRef = A1CFD89E154FB715007447E2 /* mac_application.h */; };
		A1CFD918154FB715007447E2 /* mac_appmodul.cpp in Sources */ = {isa = PBXBuildFile; fileRef = A1CFD89F154FB715007447E2 /* mac_appmodul.cpp */; };
		A1CFD919154FB715007447E2 /* mac_appterm.cpp in Sources */ = {isa = PBXBuildFile; fileRef = A1CFD8A0154FB715007447E2 /* mac_appterm.cpp */; };
		A1CFD920154FB715007447E2 /* mac_dir.cpp in Sources */ = {isa = PBXBuildFile; fileRef = A1CFD8A7154FB715007447E2 /* mac_dir.cpp */; };
		A1CFD921154FB715007447E2 /* mac_dir.h in Headers */ = {isa = PBXBuildFile; fileRef = A1CFD8A9154FB715007447E2 /* mac_dir.h */; };
		A1CFD924154FB715007447E2 /* mac_dumpinit.cpp in Sources */ = {isa = PBXBuildFile; fileRef = A1CFD8AC154FB715007447E2 /* mac_dumpinit.cpp */; };
		A1CFD926154FB715007447E2 /* mac_factory_exchange.cpp in Sources */ = {isa = PBXBuildFile; fileRef = A1CFD8AE154FB715007447E2 /* mac_factory_exchange.cpp */; };
		A1CFD927154FB715007447E2 /* mac_factory_exchange.h in Headers */ = {isa = PBXBuildFile; fileRef = A1CFD8AF154FB715007447E2 /* mac_factory_exchange.h */; };
		A1CFD92C154FB715007447E2 /* mac_gen_1.h in Headers */ = {isa = PBXBuildFile; fileRef = A1CFD8B4154FB715007447E2 /* mac_gen_1.h */; };
		A1CFD92D154FB715007447E2 /* mac_genResource.cpp in Sources */ = {isa = PBXBuildFile; fileRef = A1CFD8B5154FB715007447E2 /* mac_genResource.cpp */; };
		A1CFD934154FB715007447E2 /* mac_implementation.h in Headers */ = {isa = PBXBuildFile; fileRef = A1CFD8BC154FB715007447E2 /* mac_implementation.h */; };
		A1CFD938154FB715007447E2 /* mac.h in Headers */ = {isa = PBXBuildFile; fileRef = A1CFD8C1154FB715007447E2 /* mac.h */; };
		A1CFD939154FB715007447E2 /* mac1.cpp in Sources */ = {isa = PBXBuildFile; fileRef = A1CFD8C2154FB715007447E2 /* mac1.cpp */; };
		A1CFD93B154FB715007447E2 /* mac2.cpp in Sources */ = {isa = PBXBuildFile; fileRef = A1CFD8C4154FB715007447E2 /* mac2.cpp */; };
		A1CFD93C154FB715007447E2 /* mac_error.cpp in Sources */ = {isa = PBXBuildFile; fileRef = A1CFD8C5154FB715007447E2 /* mac_error.cpp */; };
		A1CFD93D154FB715007447E2 /* mac_internal.h in Headers */ = {isa = PBXBuildFile; fileRef = A1CFD8C6154FB715007447E2 /* mac_internal.h */; };
		A1CFD93F154FB715007447E2 /* mac_file.cpp in Sources */ = {isa = PBXBuildFile; fileRef = A1CFD8C8154FB715007447E2 /* mac_file.cpp */; };
		A1CFD940154FB715007447E2 /* mac_file.h in Headers */ = {isa = PBXBuildFile; fileRef = A1CFD8C9154FB715007447E2 /* mac_file.h */; };
		A1CFD941154FB715007447E2 /* mac_file_set.cpp in Sources */ = {isa = PBXBuildFile; fileRef = A1CFD8CA154FB715007447E2 /* mac_file_set.cpp */; };
		A1CFD943154FB715007447E2 /* mac_file_system.cpp in Sources */ = {isa = PBXBuildFile; fileRef = A1CFD8CD154FB715007447E2 /* mac_file_system.cpp */; };
		A1CFD944154FB715007447E2 /* mac_file_system.h in Headers */ = {isa = PBXBuildFile; fileRef = A1CFD8CE154FB715007447E2 /* mac_file_system.h */; };
		A1CFD947154FB715007447E2 /* mac_stdio_file.cpp in Sources */ = {isa = PBXBuildFile; fileRef = A1CFD8D1154FB715007447E2 /* mac_stdio_file.cpp */; };
		A1CFD948154FB715007447E2 /* mac_stdio_file.h in Headers */ = {isa = PBXBuildFile; fileRef = A1CFD8D2154FB715007447E2 /* mac_stdio_file.h */; };
		A1CFD949154FB715007447E2 /* mac_shell.cpp in Sources */ = {isa = PBXBuildFile; fileRef = A1CFD8D3154FB715007447E2 /* mac_shell.cpp */; };
		A1CFD94B154FB715007447E2 /* mac_main.cpp in Sources */ = {isa = PBXBuildFile; fileRef = A1CFD8D5154FB715007447E2 /* mac_main.cpp */; };
		A1CFD94C154FB715007447E2 /* mac_os.cpp in Sources */ = {isa = PBXBuildFile; fileRef = A1CFD8DB154FB715007447E2 /* mac_os.cpp */; };
		A1CFD94D154FB715007447E2 /* mac_os.h in Headers */ = {isa = PBXBuildFile; fileRef = A1CFD8DC154FB715007447E2 /* mac_os.h */; };
		A1CFD952154FB715007447E2 /* mac_port_forward.cpp in Sources */ = {isa = PBXBuildFile; fileRef = A1CFD8E1154FB715007447E2 /* mac_port_forward.cpp */; };
		A1CFD953154FB715007447E2 /* mac_port_forward.h in Headers */ = {isa = PBXBuildFile; fileRef = A1CFD8E2154FB715007447E2 /* mac_port_forward.h */; };
		A1CFD957154FB715007447E2 /* mac_state.h in Headers */ = {isa = PBXBuildFile; fileRef = A1CFD8E6154FB715007447E2 /* mac_state.h */; };
		A1CFD95A154FB715007447E2 /* mac_thread.cpp in Sources */ = {isa = PBXBuildFile; fileRef = A1CFD8E9154FB715007447E2 /* mac_thread.cpp */; };
		A1CFD95B154FB715007447E2 /* mac_thread.h in Headers */ = {isa = PBXBuildFile; fileRef = A1CFD8EA154FB715007447E2 /* mac_thread.h */; };
		A1CFD95C154FB715007447E2 /* mac_thread_local_storage.cpp in Sources */ = {isa = PBXBuildFile; fileRef = A1CFD8EB154FB715007447E2 /* mac_thread_local_storage.cpp */; };
		A1CFD95D154FB715007447E2 /* mac_thread_slots.h in Headers */ = {isa = PBXBuildFile; fileRef = A1CFD8EC154FB715007447E2 /* mac_thread_slots.h */; };
		A1CFD95E154FB715007447E2 /* mac_trace.cpp in Sources */ = {isa = PBXBuildFile; fileRef = A1CFD8ED154FB715007447E2 /* mac_trace.cpp */; };
		A1CFD961154FB715007447E2 /* mac_util.cpp in Sources */ = {isa = PBXBuildFile; fileRef = A1CFD8F0154FB715007447E2 /* mac_util.cpp */; };
		A1CFD965154FB715007447E2 /* mac_window.cpp in Sources */ = {isa = PBXBuildFile; fileRef = A1CFD8F4154FB715007447E2 /* mac_window.cpp */; };
		A1CFD966154FB715007447E2 /* mac_window.h in Headers */ = {isa = PBXBuildFile; fileRef = A1CFD8F5154FB715007447E2 /* mac_window.h */; };
		A1CFD967154FB715007447E2 /* mac_window_draw.cpp in Sources */ = {isa = PBXBuildFile; fileRef = A1CFD8F6154FB715007447E2 /* mac_window_draw.cpp */; };
		A1CFD968154FB715007447E2 /* mac_window_draw.h in Headers */ = {isa = PBXBuildFile; fileRef = A1CFD8F8154FB715007447E2 /* mac_window_draw.h */; };
/* End PBXBuildFile section */

/* Begin PBXFileReference section */
		0715B913189ED3ED00B3EBD9 /* opensslconf.h */ = {isa = PBXFileReference; fileEncoding = 4; lastKnownFileType = sourcecode.c.h; path = opensslconf.h; sourceTree = "<group>"; };
		071B28A5173FD8E600610E30 /* mac_printer.cpp */ = {isa = PBXFileReference; fileEncoding = 4; lastKnownFileType = sourcecode.cpp.cpp; path = mac_printer.cpp; sourceTree = "<group>"; };
		071B28A6173FD8E600610E30 /* mac_printer.h */ = {isa = PBXFileReference; fileEncoding = 4; lastKnownFileType = sourcecode.c.h; path = mac_printer.h; sourceTree = "<group>"; };
		071B28A7173FD8E600610E30 /* mac_shell.h */ = {isa = PBXFileReference; fileEncoding = 4; lastKnownFileType = sourcecode.c.h; path = mac_shell.h; sourceTree = "<group>"; };
		07401ECC164632BB00F5D0F3 /* oswindow.h */ = {isa = PBXFileReference; lastKnownFileType = sourcecode.c.h; path = oswindow.h; sourceTree = "<group>"; };
		07884E89189824F700DC6CEB /* libbase.dylib */ = {isa = PBXFileReference; lastKnownFileType = "compiled.mach-o.dylib"; name = libbase.dylib; path = "../../../Users/carlos/Library/Developer/Xcode/DerivedData/all-dlckdugtwkhfjkdbgurajmehstei/Build/Products/Debug/libbase.dylib"; sourceTree = "<group>"; };
		07884E8A189824F700DC6CEB /* libcore.dylib */ = {isa = PBXFileReference; lastKnownFileType = "compiled.mach-o.dylib"; name = libcore.dylib; path = "../../../Users/carlos/Library/Developer/Xcode/DerivedData/all-dlckdugtwkhfjkdbgurajmehstei/Build/Products/Debug/libcore.dylib"; sourceTree = "<group>"; };
		07926B551809949300968303 /* win_common_controls.h */ = {isa = PBXFileReference; lastKnownFileType = sourcecode.c.h; path = win_common_controls.h; sourceTree = "<group>"; };
		07BB57871809BC4000124367 /* mpg123_asm.h */ = {isa = PBXFileReference; lastKnownFileType = sourcecode.c.h; name = mpg123_asm.h; path = ../thirdparty/include/mpg123_asm.h; sourceTree = "<group>"; };
		9A1B496316A494A600875A94 /* framework.h */ = {isa = PBXFileReference; fileEncoding = 4; lastKnownFileType = sourcecode.c.h; path = framework.h; sourceTree = "<group>"; };
		9A1B496616A4A10100875A94 /* framework.cpp */ = {isa = PBXFileReference; fileEncoding = 4; lastKnownFileType = sourcecode.cpp.cpp; path = framework.cpp; sourceTree = "<group>"; };
		9A1B496816A4A32500875A94 /* mac1.h */ = {isa = PBXFileReference; fileEncoding = 4; lastKnownFileType = sourcecode.c.h; lineEnding = 2; path = mac1.h; sourceTree = "<group>"; xcLanguageSpecificationIdentifier = xcode.lang.objcpp; };
		9A574B3416AA1AC1000CC4EF /* mac_copydesk.cpp */ = {isa = PBXFileReference; fileEncoding = 4; lastKnownFileType = sourcecode.cpp.cpp; path = mac_copydesk.cpp; sourceTree = "<group>"; };
		9A574B3516AA1AC4000CC4EF /* mac_copydesk.h */ = {isa = PBXFileReference; fileEncoding = 4; lastKnownFileType = sourcecode.c.h; path = mac_copydesk.h; sourceTree = "<group>"; };
		9A574B3816AA1E90000CC4EF /* mac_crypto.cpp */ = {isa = PBXFileReference; fileEncoding = 4; lastKnownFileType = sourcecode.cpp.cpp; path = mac_crypto.cpp; sourceTree = "<group>"; };
		9A574B3916AA1E93000CC4EF /* mac_crypto.h */ = {isa = PBXFileReference; fileEncoding = 4; lastKnownFileType = sourcecode.c.h; path = mac_crypto.h; sourceTree = "<group>"; };
		9A574B4516AA2031000CC4EF /* mac_afxImpl.h */ = {isa = PBXFileReference; fileEncoding = 4; lastKnownFileType = sourcecode.c.h; path = mac_afxImpl.h; sourceTree = "<group>"; };
		9A574B4816AA203E000CC4EF /* mac_genResource.cpp */ = {isa = PBXFileReference; fileEncoding = 4; lastKnownFileType = sourcecode.cpp.cpp; path = mac_genResource.cpp; sourceTree = "<group>"; };
		9A574B4916AA2042000CC4EF /* mac_ip_enum.cpp */ = {isa = PBXFileReference; fileEncoding = 4; lastKnownFileType = sourcecode.cpp.cpp; path = mac_ip_enum.cpp; sourceTree = "<group>"; };
		9A574B4A16AA2045000CC4EF /* mac_ip_enum.h */ = {isa = PBXFileReference; fileEncoding = 4; lastKnownFileType = sourcecode.c.h; path = mac_ip_enum.h; sourceTree = "<group>"; };
		9A574B5916AA3AFA000CC4EF /* mac_exception.cpp */ = {isa = PBXFileReference; fileEncoding = 4; lastKnownFileType = sourcecode.cpp.cpp; path = mac_exception.cpp; sourceTree = "<group>"; };
		9A8997B6177CFA3200C7761E /* mac_mm.h */ = {isa = PBXFileReference; fileEncoding = 4; lastKnownFileType = sourcecode.c.h; path = mac_mm.h; sourceTree = "<group>"; };
		9A8997BC177D0E7D00C7761E /* Carbon.framework */ = {isa = PBXFileReference; lastKnownFileType = wrapper.framework; name = Carbon.framework; path = System/Library/Frameworks/Carbon.framework; sourceTree = SDKROOT; };
		9AA1B3EA17634E520019E812 /* RoundWindow.h */ = {isa = PBXFileReference; fileEncoding = 4; lastKnownFileType = sourcecode.c.h; path = RoundWindow.h; sourceTree = "<group>"; };
		9AA1B3EB17634E520019E812 /* RoundWindow.mm */ = {isa = PBXFileReference; fileEncoding = 4; lastKnownFileType = sourcecode.cpp.objcpp; path = RoundWindow.mm; sourceTree = "<group>"; };
		9AA1B3EC17634E520019E812 /* RoundWindowFrameView.h */ = {isa = PBXFileReference; fileEncoding = 4; lastKnownFileType = sourcecode.c.h; path = RoundWindowFrameView.h; sourceTree = "<group>"; };
		9AA1B3ED17634E520019E812 /* RoundWindowFrameView.mm */ = {isa = PBXFileReference; fileEncoding = 4; lastKnownFileType = sourcecode.cpp.objcpp; path = RoundWindowFrameView.mm; sourceTree = "<group>"; };
		9AA1B445176355610019E812 /* round_window.mm */ = {isa = PBXFileReference; fileEncoding = 4; lastKnownFileType = sourcecode.cpp.objcpp; path = round_window.mm; sourceTree = "<group>"; };
		9AA1B446176355610019E812 /* round_window.h */ = {isa = PBXFileReference; fileEncoding = 4; lastKnownFileType = sourcecode.c.h; path = round_window.h; sourceTree = "<group>"; };
		9AA1B449176361950019E812 /* Cocoa.framework */ = {isa = PBXFileReference; lastKnownFileType = wrapper.framework; name = Cocoa.framework; path = System/Library/Frameworks/Cocoa.framework; sourceTree = SDKROOT; };
		9AC444051770AA7C00DC2349 /* _c.h */ = {isa = PBXFileReference; fileEncoding = 4; lastKnownFileType = sourcecode.c.h; path = _c.h; sourceTree = "<group>"; };
		9AC444071770AAB100DC2349 /* _ca.h */ = {isa = PBXFileReference; fileEncoding = 4; lastKnownFileType = sourcecode.c.h; path = _ca.h; sourceTree = "<group>"; };
		9AE725FE17E83C65003E47F9 /* config.h */ = {isa = PBXFileReference; lastKnownFileType = sourcecode.c.h; path = config.h; sourceTree = "<group>"; };
		A1CFD778154F5EAA007447E2 /* libca2os.dylib */ = {isa = PBXFileReference; explicitFileType = "compiled.mach-o.dylib"; includeInIndex = 0; path = libca2os.dylib; sourceTree = BUILT_PRODUCTS_DIR; };
		A1CFD87D154FB715007447E2 /* _.h */ = {isa = PBXFileReference; fileEncoding = 4; lastKnownFileType = sourcecode.c.h; path = _.h; sourceTree = "<group>"; };
		A1CFD87E154FB715007447E2 /* bare_operational_system.h */ = {isa = PBXFileReference; fileEncoding = 4; lastKnownFileType = sourcecode.c.h; path = bare_operational_system.h; sourceTree = "<group>"; };
		A1CFD87F154FB715007447E2 /* ca2.h */ = {isa = PBXFileReference; fileEncoding = 4; lastKnownFileType = sourcecode.c.h; path = ca2.h; sourceTree = "<group>"; };
		A1CFD882154FB715007447E2 /* base_tsd.h */ = {isa = PBXFileReference; fileEncoding = 4; lastKnownFileType = sourcecode.c.h; path = base_tsd.h; sourceTree = "<group>"; };
		A1CFD883154FB715007447E2 /* win.h */ = {isa = PBXFileReference; fileEncoding = 4; lastKnownFileType = sourcecode.c.h; path = win.h; sourceTree = "<group>"; };
		A1CFD884154FB715007447E2 /* win_base.h */ = {isa = PBXFileReference; fileEncoding = 4; lastKnownFileType = sourcecode.c.h; path = win_base.h; sourceTree = "<group>"; };
		A1CFD885154FB715007447E2 /* win_crtdefs.h */ = {isa = PBXFileReference; fileEncoding = 4; lastKnownFileType = sourcecode.c.h; path = win_crtdefs.h; sourceTree = "<group>"; };
		A1CFD886154FB715007447E2 /* win_def.h */ = {isa = PBXFileReference; fileEncoding = 4; lastKnownFileType = sourcecode.c.h; path = win_def.h; sourceTree = "<group>"; };
		A1CFD887154FB715007447E2 /* win_errno.h */ = {isa = PBXFileReference; fileEncoding = 4; lastKnownFileType = sourcecode.c.h; path = win_errno.h; sourceTree = "<group>"; };
		A1CFD888154FB715007447E2 /* win_error.h */ = {isa = PBXFileReference; fileEncoding = 4; lastKnownFileType = sourcecode.c.h; path = win_error.h; sourceTree = "<group>"; };
		A1CFD889154FB715007447E2 /* win_file.h */ = {isa = PBXFileReference; fileEncoding = 4; lastKnownFileType = sourcecode.c.h; path = win_file.h; sourceTree = "<group>"; };
		A1CFD88A154FB715007447E2 /* win_gdi.h */ = {isa = PBXFileReference; fileEncoding = 4; lastKnownFileType = sourcecode.c.h; path = win_gdi.h; sourceTree = "<group>"; };
		A1CFD88B154FB715007447E2 /* win_nls.h */ = {isa = PBXFileReference; fileEncoding = 4; lastKnownFileType = sourcecode.c.h; path = win_nls.h; sourceTree = "<group>"; };
		A1CFD88C154FB715007447E2 /* win_nt.h */ = {isa = PBXFileReference; fileEncoding = 4; lastKnownFileType = sourcecode.c.h; path = win_nt.h; sourceTree = "<group>"; };
		A1CFD88D154FB715007447E2 /* win_user.h */ = {isa = PBXFileReference; fileEncoding = 4; lastKnownFileType = sourcecode.c.h; path = win_user.h; sourceTree = "<group>"; };
		A1CFD88E154FB715007447E2 /* get_platform.h */ = {isa = PBXFileReference; fileEncoding = 4; lastKnownFileType = sourcecode.c.h; path = get_platform.h; sourceTree = "<group>"; };
		A1CFD88F154FB715007447E2 /* macos_system.h */ = {isa = PBXFileReference; fileEncoding = 4; lastKnownFileType = sourcecode.c.h; path = macos_system.h; sourceTree = "<group>"; };
		A1CFD890154FB715007447E2 /* operational_system.h */ = {isa = PBXFileReference; fileEncoding = 4; lastKnownFileType = sourcecode.c.h; path = operational_system.h; sourceTree = "<group>"; };
		A1CFD891154FB715007447E2 /* version.h */ = {isa = PBXFileReference; fileEncoding = 4; lastKnownFileType = sourcecode.c.h; path = version.h; sourceTree = "<group>"; };
		A1CFD892154FB715007447E2 /* version_configuration.h */ = {isa = PBXFileReference; fileEncoding = 4; lastKnownFileType = sourcecode.c.h; path = version_configuration.h; sourceTree = "<group>"; };
		A1CFD893154FB715007447E2 /* version_cpu.h */ = {isa = PBXFileReference; fileEncoding = 4; lastKnownFileType = sourcecode.c.h; path = version_cpu.h; sourceTree = "<group>"; };
		A1CFD894154FB715007447E2 /* version_dylib.h */ = {isa = PBXFileReference; fileEncoding = 4; lastKnownFileType = sourcecode.c.h; path = version_dylib.h; sourceTree = "<group>"; };
		A1CFD895154FB715007447E2 /* version_macos.h */ = {isa = PBXFileReference; fileEncoding = 4; lastKnownFileType = sourcecode.c.h; path = version_macos.h; sourceTree = "<group>"; };
		A1CFD897154FB715007447E2 /* mac_afxabort.cpp */ = {isa = PBXFileReference; fileEncoding = 4; lastKnownFileType = sourcecode.cpp.cpp; path = mac_afxabort.cpp; sourceTree = "<group>"; };
		A1CFD898154FB715007447E2 /* mac_afxImpl.h */ = {isa = PBXFileReference; fileEncoding = 4; lastKnownFileType = sourcecode.c.h; path = mac_afxImpl.h; sourceTree = "<group>"; };
		A1CFD899154FB715007447E2 /* mac_afxmem.cpp */ = {isa = PBXFileReference; fileEncoding = 4; lastKnownFileType = sourcecode.cpp.cpp; path = mac_afxmem.cpp; sourceTree = "<group>"; };
		A1CFD89A154FB715007447E2 /* mac_afxstate.cpp */ = {isa = PBXFileReference; fileEncoding = 4; lastKnownFileType = sourcecode.cpp.cpp; lineEnding = 0; path = mac_afxstate.cpp; sourceTree = "<group>"; xcLanguageSpecificationIdentifier = xcode.lang.cpp; };
		A1CFD89B154FB715007447E2 /* mac_appcore.cpp */ = {isa = PBXFileReference; fileEncoding = 4; lastKnownFileType = sourcecode.cpp.cpp; path = mac_appcore.cpp; sourceTree = "<group>"; };
		A1CFD89D154FB715007447E2 /* mac_application.cpp */ = {isa = PBXFileReference; fileEncoding = 4; lastKnownFileType = sourcecode.cpp.cpp; lineEnding = 0; path = mac_application.cpp; sourceTree = "<group>"; xcLanguageSpecificationIdentifier = xcode.lang.cpp; };
		A1CFD89E154FB715007447E2 /* mac_application.h */ = {isa = PBXFileReference; fileEncoding = 4; lastKnownFileType = sourcecode.c.h; lineEnding = 0; path = mac_application.h; sourceTree = "<group>"; xcLanguageSpecificationIdentifier = xcode.lang.objcpp; };
		A1CFD89F154FB715007447E2 /* mac_appmodul.cpp */ = {isa = PBXFileReference; fileEncoding = 4; lastKnownFileType = sourcecode.cpp.cpp; path = mac_appmodul.cpp; sourceTree = "<group>"; };
		A1CFD8A0154FB715007447E2 /* mac_appterm.cpp */ = {isa = PBXFileReference; fileEncoding = 4; lastKnownFileType = sourcecode.cpp.cpp; lineEnding = 0; path = mac_appterm.cpp; sourceTree = "<group>"; xcLanguageSpecificationIdentifier = xcode.lang.cpp; };
		A1CFD8A7154FB715007447E2 /* mac_dir.cpp */ = {isa = PBXFileReference; fileEncoding = 4; lastKnownFileType = sourcecode.cpp.cpp; path = mac_dir.cpp; sourceTree = "<group>"; };
		A1CFD8A9154FB715007447E2 /* mac_dir.h */ = {isa = PBXFileReference; fileEncoding = 4; lastKnownFileType = sourcecode.c.h; path = mac_dir.h; sourceTree = "<group>"; };
		A1CFD8AC154FB715007447E2 /* mac_dumpinit.cpp */ = {isa = PBXFileReference; fileEncoding = 4; lastKnownFileType = sourcecode.cpp.cpp; path = mac_dumpinit.cpp; sourceTree = "<group>"; };
		A1CFD8AE154FB715007447E2 /* mac_factory_exchange.cpp */ = {isa = PBXFileReference; fileEncoding = 4; lastKnownFileType = sourcecode.cpp.cpp; lineEnding = 0; path = mac_factory_exchange.cpp; sourceTree = "<group>"; xcLanguageSpecificationIdentifier = xcode.lang.cpp; };
		A1CFD8AF154FB715007447E2 /* mac_factory_exchange.h */ = {isa = PBXFileReference; fileEncoding = 4; lastKnownFileType = sourcecode.c.h; path = mac_factory_exchange.h; sourceTree = "<group>"; };
		A1CFD8B4154FB715007447E2 /* mac_gen_1.h */ = {isa = PBXFileReference; fileEncoding = 4; lastKnownFileType = sourcecode.c.h; path = mac_gen_1.h; sourceTree = "<group>"; };
		A1CFD8B5154FB715007447E2 /* mac_genResource.cpp */ = {isa = PBXFileReference; fileEncoding = 4; lastKnownFileType = sourcecode.cpp.cpp; path = mac_genResource.cpp; sourceTree = "<group>"; };
		A1CFD8BC154FB715007447E2 /* mac_implementation.h */ = {isa = PBXFileReference; fileEncoding = 4; lastKnownFileType = sourcecode.c.h; path = mac_implementation.h; sourceTree = "<group>"; };
		A1CFD8C1154FB715007447E2 /* mac.h */ = {isa = PBXFileReference; fileEncoding = 4; lastKnownFileType = sourcecode.c.h; lineEnding = 0; path = mac.h; sourceTree = "<group>"; xcLanguageSpecificationIdentifier = xcode.lang.objcpp; };
		A1CFD8C2154FB715007447E2 /* mac1.cpp */ = {isa = PBXFileReference; fileEncoding = 4; lastKnownFileType = sourcecode.cpp.cpp; path = mac1.cpp; sourceTree = "<group>"; };
		A1CFD8C4154FB715007447E2 /* mac2.cpp */ = {isa = PBXFileReference; fileEncoding = 4; lastKnownFileType = sourcecode.cpp.cpp; path = mac2.cpp; sourceTree = "<group>"; };
		A1CFD8C5154FB715007447E2 /* mac_error.cpp */ = {isa = PBXFileReference; fileEncoding = 4; lastKnownFileType = sourcecode.cpp.cpp; path = mac_error.cpp; sourceTree = "<group>"; };
		A1CFD8C6154FB715007447E2 /* mac_internal.h */ = {isa = PBXFileReference; fileEncoding = 4; lastKnownFileType = sourcecode.c.h; path = mac_internal.h; sourceTree = "<group>"; };
		A1CFD8C8154FB715007447E2 /* mac_file.cpp */ = {isa = PBXFileReference; fileEncoding = 4; lastKnownFileType = sourcecode.cpp.cpp; path = mac_file.cpp; sourceTree = "<group>"; };
		A1CFD8C9154FB715007447E2 /* mac_file.h */ = {isa = PBXFileReference; fileEncoding = 4; lastKnownFileType = sourcecode.c.h; path = mac_file.h; sourceTree = "<group>"; };
		A1CFD8CA154FB715007447E2 /* mac_file_set.cpp */ = {isa = PBXFileReference; fileEncoding = 4; lastKnownFileType = sourcecode.cpp.cpp; path = mac_file_set.cpp; sourceTree = "<group>"; };
		A1CFD8CD154FB715007447E2 /* mac_file_system.cpp */ = {isa = PBXFileReference; fileEncoding = 4; lastKnownFileType = sourcecode.cpp.cpp; path = mac_file_system.cpp; sourceTree = "<group>"; };
		A1CFD8CE154FB715007447E2 /* mac_file_system.h */ = {isa = PBXFileReference; fileEncoding = 4; lastKnownFileType = sourcecode.c.h; path = mac_file_system.h; sourceTree = "<group>"; };
		A1CFD8D1154FB715007447E2 /* mac_stdio_file.cpp */ = {isa = PBXFileReference; fileEncoding = 4; lastKnownFileType = sourcecode.cpp.cpp; path = mac_stdio_file.cpp; sourceTree = "<group>"; };
		A1CFD8D2154FB715007447E2 /* mac_stdio_file.h */ = {isa = PBXFileReference; fileEncoding = 4; lastKnownFileType = sourcecode.c.h; path = mac_stdio_file.h; sourceTree = "<group>"; };
		A1CFD8D3154FB715007447E2 /* mac_shell.cpp */ = {isa = PBXFileReference; fileEncoding = 4; lastKnownFileType = sourcecode.cpp.cpp; path = mac_shell.cpp; sourceTree = "<group>"; };
		A1CFD8D5154FB715007447E2 /* mac_main.cpp */ = {isa = PBXFileReference; fileEncoding = 4; lastKnownFileType = sourcecode.cpp.cpp; path = mac_main.cpp; sourceTree = "<group>"; };
		A1CFD8DB154FB715007447E2 /* mac_os.cpp */ = {isa = PBXFileReference; fileEncoding = 4; lastKnownFileType = sourcecode.cpp.cpp; path = mac_os.cpp; sourceTree = "<group>"; };
		A1CFD8DC154FB715007447E2 /* mac_os.h */ = {isa = PBXFileReference; fileEncoding = 4; lastKnownFileType = sourcecode.c.h; path = mac_os.h; sourceTree = "<group>"; };
		A1CFD8E1154FB715007447E2 /* mac_port_forward.cpp */ = {isa = PBXFileReference; fileEncoding = 4; lastKnownFileType = sourcecode.cpp.cpp; path = mac_port_forward.cpp; sourceTree = "<group>"; };
		A1CFD8E2154FB715007447E2 /* mac_port_forward.h */ = {isa = PBXFileReference; fileEncoding = 4; lastKnownFileType = sourcecode.c.h; path = mac_port_forward.h; sourceTree = "<group>"; };
		A1CFD8E6154FB715007447E2 /* mac_state.h */ = {isa = PBXFileReference; fileEncoding = 4; lastKnownFileType = sourcecode.c.h; lineEnding = 0; path = mac_state.h; sourceTree = "<group>"; xcLanguageSpecificationIdentifier = xcode.lang.objcpp; };
		A1CFD8E9154FB715007447E2 /* mac_thread.cpp */ = {isa = PBXFileReference; fileEncoding = 4; lastKnownFileType = sourcecode.cpp.cpp; lineEnding = 2; path = mac_thread.cpp; sourceTree = "<group>"; xcLanguageSpecificationIdentifier = xcode.lang.cpp; };
		A1CFD8EA154FB715007447E2 /* mac_thread.h */ = {isa = PBXFileReference; fileEncoding = 4; lastKnownFileType = sourcecode.c.h; path = mac_thread.h; sourceTree = "<group>"; };
		A1CFD8EB154FB715007447E2 /* mac_thread_local_storage.cpp */ = {isa = PBXFileReference; fileEncoding = 4; lastKnownFileType = sourcecode.cpp.cpp; path = mac_thread_local_storage.cpp; sourceTree = "<group>"; };
		A1CFD8EC154FB715007447E2 /* mac_thread_slots.h */ = {isa = PBXFileReference; fileEncoding = 4; lastKnownFileType = sourcecode.c.h; path = mac_thread_slots.h; sourceTree = "<group>"; };
		A1CFD8ED154FB715007447E2 /* mac_trace.cpp */ = {isa = PBXFileReference; fileEncoding = 4; lastKnownFileType = sourcecode.cpp.cpp; path = mac_trace.cpp; sourceTree = "<group>"; };
		A1CFD8F0154FB715007447E2 /* mac_util.cpp */ = {isa = PBXFileReference; fileEncoding = 4; lastKnownFileType = sourcecode.cpp.cpp; lineEnding = 0; path = mac_util.cpp; sourceTree = "<group>"; xcLanguageSpecificationIdentifier = xcode.lang.cpp; };
		A1CFD8F4154FB715007447E2 /* mac_window.cpp */ = {isa = PBXFileReference; fileEncoding = 4; lastKnownFileType = sourcecode.cpp.cpp; lineEnding = 0; path = mac_window.cpp; sourceTree = "<group>"; xcLanguageSpecificationIdentifier = xcode.lang.cpp; };
		A1CFD8F5154FB715007447E2 /* mac_window.h */ = {isa = PBXFileReference; fileEncoding = 4; lastKnownFileType = sourcecode.c.h; path = mac_window.h; sourceTree = "<group>"; };
		A1CFD8F6154FB715007447E2 /* mac_window_draw.cpp */ = {isa = PBXFileReference; fileEncoding = 4; lastKnownFileType = sourcecode.cpp.cpp; path = mac_window_draw.cpp; sourceTree = "<group>"; };
		A1CFD8F8154FB715007447E2 /* mac_window_draw.h */ = {isa = PBXFileReference; fileEncoding = 4; lastKnownFileType = sourcecode.c.h; path = mac_window_draw.h; sourceTree = "<group>"; };
/* End PBXFileReference section */

/* Begin PBXFrameworksBuildPhase section */
		A1CFD775154F5EAA007447E2 /* Frameworks */ = {
			isa = PBXFrameworksBuildPhase;
			buildActionMask = 2147483647;
			files = (
				07884E8B189824F700DC6CEB /* libbase.dylib in Frameworks */,
				07884E8C189824F700DC6CEB /* libcore.dylib in Frameworks */,
				9AA1B44A176361950019E812 /* Cocoa.framework in Frameworks */,
				9A8997BD177D0E7F00C7761E /* Carbon.framework in Frameworks */,
			);
			runOnlyForDeploymentPostprocessing = 0;
		};
/* End PBXFrameworksBuildPhase section */

/* Begin PBXGroup section */
		0715B912189ED3ED00B3EBD9 /* openssl */ = {
			isa = PBXGroup;
			children = (
				0715B913189ED3ED00B3EBD9 /* opensslconf.h */,
				0715B914189ED3ED00B3EBD9 /* Untitled Folder */,
			);
			name = openssl;
			path = ../thirdparty/include/openssl;
			sourceTree = "<group>";
		};
		0715B914189ED3ED00B3EBD9 /* Untitled Folder */ = {
			isa = PBXGroup;
			children = (
			);
			path = "Untitled Folder";
			sourceTree = "<group>";
		};
		07BB57851809BBEE00124367 /* thirdparty */ = {
			isa = PBXGroup;
			children = (
				07BB57861809BC1100124367 /* include */,
			);
			name = thirdparty;
			path = ../operational_system;
			sourceTree = "<group>";
		};
		07BB57861809BC1100124367 /* include */ = {
			isa = PBXGroup;
			children = (
				0715B912189ED3ED00B3EBD9 /* openssl */,
				07BB57871809BC4000124367 /* mpg123_asm.h */,
			);
			name = include;
			sourceTree = "<group>";
		};
		A1CFD76D154F5EA7007447E2 = {
			isa = PBXGroup;
			children = (
				07884E89189824F700DC6CEB /* libbase.dylib */,
				07884E8A189824F700DC6CEB /* libcore.dylib */,
				9A8997BC177D0E7D00C7761E /* Carbon.framework */,
				9AA1B449176361950019E812 /* Cocoa.framework */,
				A1CFD87C154FB715007447E2 /* operational_system */,
				A1CFD896154FB715007447E2 /* os */,
				07BB57851809BBEE00124367 /* thirdparty */,
				A1CFD779154F5EAA007447E2 /* Products */,
			);
			sourceTree = "<group>";
		};
		A1CFD779154F5EAA007447E2 /* Products */ = {
			isa = PBXGroup;
			children = (
				A1CFD778154F5EAA007447E2 /* libca2os.dylib */,
			);
			name = Products;
			sourceTree = "<group>";
		};
		A1CFD87C154FB715007447E2 /* operational_system */ = {
			isa = PBXGroup;
			children = (
				A1CFD87D154FB715007447E2 /* _.h */,
				9AC444051770AA7C00DC2349 /* _c.h */,
				9AC444071770AAB100DC2349 /* _ca.h */,
				A1CFD87E154FB715007447E2 /* bare_operational_system.h */,
				A1CFD87F154FB715007447E2 /* ca2.h */,
				9AE725FE17E83C65003E47F9 /* config.h */,
				A1CFD880154FB715007447E2 /* cross */,
				A1CFD88E154FB715007447E2 /* get_platform.h */,
				A1CFD88F154FB715007447E2 /* macos_system.h */,
				A1CFD890154FB715007447E2 /* operational_system.h */,
				A1CFD891154FB715007447E2 /* version.h */,
				A1CFD892154FB715007447E2 /* version_configuration.h */,
				A1CFD893154FB715007447E2 /* version_cpu.h */,
				A1CFD894154FB715007447E2 /* version_dylib.h */,
				A1CFD895154FB715007447E2 /* version_macos.h */,
				07401ECC164632BB00F5D0F3 /* oswindow.h */,
			);
			name = operational_system;
			path = ../operational_system;
			sourceTree = "<group>";
		};
		A1CFD880154FB715007447E2 /* cross */ = {
			isa = PBXGroup;
			children = (
				A1CFD881154FB715007447E2 /* win */,
			);
			path = cross;
			sourceTree = "<group>";
		};
		A1CFD881154FB715007447E2 /* win */ = {
			isa = PBXGroup;
			children = (
				A1CFD882154FB715007447E2 /* base_tsd.h */,
				A1CFD883154FB715007447E2 /* win.h */,
				A1CFD884154FB715007447E2 /* win_base.h */,
				A1CFD885154FB715007447E2 /* win_crtdefs.h */,
				A1CFD886154FB715007447E2 /* win_def.h */,
				A1CFD887154FB715007447E2 /* win_errno.h */,
				A1CFD888154FB715007447E2 /* win_error.h */,
				A1CFD889154FB715007447E2 /* win_file.h */,
				A1CFD88A154FB715007447E2 /* win_gdi.h */,
				A1CFD88B154FB715007447E2 /* win_nls.h */,
				A1CFD88C154FB715007447E2 /* win_nt.h */,
				A1CFD88D154FB715007447E2 /* win_user.h */,
				07926B551809949300968303 /* win_common_controls.h */,
			);
			path = win;
			sourceTree = "<group>";
		};
		A1CFD896154FB715007447E2 /* os */ = {
			isa = PBXGroup;
			children = (
				9A1B496316A494A600875A94 /* framework.h */,
				9A1B496616A4A10100875A94 /* framework.cpp */,
				A1CFD8C1154FB715007447E2 /* mac.h */,
				9A8997B6177CFA3200C7761E /* mac_mm.h */,
				A1CFD8C2154FB715007447E2 /* mac1.cpp */,
				9A1B496816A4A32500875A94 /* mac1.h */,
				A1CFD8C4154FB715007447E2 /* mac2.cpp */,
				9A574B4516AA2031000CC4EF /* mac_afxImpl.h */,
				9A574B3816AA1E90000CC4EF /* mac_crypto.cpp */,
				9A574B3916AA1E93000CC4EF /* mac_crypto.h */,
				9A574B3416AA1AC1000CC4EF /* mac_copydesk.cpp */,
				9A574B3516AA1AC4000CC4EF /* mac_copydesk.h */,
				A1CFD897154FB715007447E2 /* mac_afxabort.cpp */,
				A1CFD898154FB715007447E2 /* mac_afxImpl.h */,
				A1CFD899154FB715007447E2 /* mac_afxmem.cpp */,
				A1CFD89A154FB715007447E2 /* mac_afxstate.cpp */,
				A1CFD89B154FB715007447E2 /* mac_appcore.cpp */,
				A1CFD89D154FB715007447E2 /* mac_application.cpp */,
				A1CFD89E154FB715007447E2 /* mac_application.h */,
				A1CFD89F154FB715007447E2 /* mac_appmodul.cpp */,
				A1CFD8A0154FB715007447E2 /* mac_appterm.cpp */,
				A1CFD8A7154FB715007447E2 /* mac_dir.cpp */,
				A1CFD8A9154FB715007447E2 /* mac_dir.h */,
				A1CFD8AC154FB715007447E2 /* mac_dumpinit.cpp */,
				A1CFD8C5154FB715007447E2 /* mac_error.cpp */,
				9A574B5916AA3AFA000CC4EF /* mac_exception.cpp */,
				A1CFD8AE154FB715007447E2 /* mac_factory_exchange.cpp */,
				A1CFD8AF154FB715007447E2 /* mac_factory_exchange.h */,
				A1CFD8CA154FB715007447E2 /* mac_file_set.cpp */,
				A1CFD8C9154FB715007447E2 /* mac_file.h */,
				A1CFD8C8154FB715007447E2 /* mac_file.cpp */,
				A1CFD8CD154FB715007447E2 /* mac_file_system.cpp */,
				A1CFD8CE154FB715007447E2 /* mac_file_system.h */,
				A1CFD8B4154FB715007447E2 /* mac_gen_1.h */,
				A1CFD8B5154FB715007447E2 /* mac_genResource.cpp */,
				9A574B4816AA203E000CC4EF /* mac_genResource.cpp */,
				A1CFD8BC154FB715007447E2 /* mac_implementation.h */,
				A1CFD8C6154FB715007447E2 /* mac_internal.h */,
				9A574B4916AA2042000CC4EF /* mac_ip_enum.cpp */,
				9A574B4A16AA2045000CC4EF /* mac_ip_enum.h */,
				A1CFD8D5154FB715007447E2 /* mac_main.cpp */,
				A1CFD8DB154FB715007447E2 /* mac_os.cpp */,
				A1CFD8DC154FB715007447E2 /* mac_os.h */,
				A1CFD8E1154FB715007447E2 /* mac_port_forward.cpp */,
				A1CFD8E2154FB715007447E2 /* mac_port_forward.h */,
				071B28A5173FD8E600610E30 /* mac_printer.cpp */,
				071B28A6173FD8E600610E30 /* mac_printer.h */,
				A1CFD8D2154FB715007447E2 /* mac_stdio_file.h */,
				A1CFD8D1154FB715007447E2 /* mac_stdio_file.cpp */,
				A1CFD8D3154FB715007447E2 /* mac_shell.cpp */,
				071B28A7173FD8E600610E30 /* mac_shell.h */,
				A1CFD8E6154FB715007447E2 /* mac_state.h */,
				A1CFD8E9154FB715007447E2 /* mac_thread.cpp */,
				A1CFD8EA154FB715007447E2 /* mac_thread.h */,
				A1CFD8EB154FB715007447E2 /* mac_thread_local_storage.cpp */,
				A1CFD8EC154FB715007447E2 /* mac_thread_slots.h */,
				A1CFD8ED154FB715007447E2 /* mac_trace.cpp */,
				A1CFD8F0154FB715007447E2 /* mac_util.cpp */,
				A1CFD8F4154FB715007447E2 /* mac_window.cpp */,
				A1CFD8F5154FB715007447E2 /* mac_window.h */,
				A1CFD8F6154FB715007447E2 /* mac_window_draw.cpp */,
				A1CFD8F8154FB715007447E2 /* mac_window_draw.h */,
				9AA1B446176355610019E812 /* round_window.h */,
				9AA1B445176355610019E812 /* round_window.mm */,
				9AA1B3EA17634E520019E812 /* RoundWindow.h */,
				9AA1B3EB17634E520019E812 /* RoundWindow.mm */,
				9AA1B3EC17634E520019E812 /* RoundWindowFrameView.h */,
				9AA1B3ED17634E520019E812 /* RoundWindowFrameView.mm */,
			);
			name = os;
			sourceTree = "<group>";
		};
/* End PBXGroup section */

/* Begin PBXHeadersBuildPhase section */
		A1CFD776154F5EAA007447E2 /* Headers */ = {
			isa = PBXHeadersBuildPhase;
			buildActionMask = 2147483647;
			files = (
				A1CFD8F9154FB715007447E2 /* _.h in Headers */,
				A1CFD8FA154FB715007447E2 /* bare_operational_system.h in Headers */,
				A1CFD8FB154FB715007447E2 /* ca2.h in Headers */,
				A1CFD8FC154FB715007447E2 /* base_tsd.h in Headers */,
				A1CFD8FD154FB715007447E2 /* win.h in Headers */,
				A1CFD8FE154FB715007447E2 /* win_base.h in Headers */,
				A1CFD8FF154FB715007447E2 /* win_crtdefs.h in Headers */,
				A1CFD900154FB715007447E2 /* win_def.h in Headers */,
				A1CFD901154FB715007447E2 /* win_errno.h in Headers */,
				A1CFD902154FB715007447E2 /* win_error.h in Headers */,
				A1CFD903154FB715007447E2 /* win_file.h in Headers */,
				A1CFD904154FB715007447E2 /* win_gdi.h in Headers */,
				A1CFD905154FB715007447E2 /* win_nls.h in Headers */,
				A1CFD906154FB715007447E2 /* win_nt.h in Headers */,
				A1CFD907154FB715007447E2 /* win_user.h in Headers */,
				A1CFD908154FB715007447E2 /* get_platform.h in Headers */,
				A1CFD909154FB715007447E2 /* macos_system.h in Headers */,
				A1CFD90A154FB715007447E2 /* operational_system.h in Headers */,
				A1CFD90B154FB715007447E2 /* version.h in Headers */,
				A1CFD90C154FB715007447E2 /* version_configuration.h in Headers */,
				A1CFD90D154FB715007447E2 /* version_cpu.h in Headers */,
				A1CFD90E154FB715007447E2 /* version_dylib.h in Headers */,
				A1CFD90F154FB715007447E2 /* version_macos.h in Headers */,
				A1CFD911154FB715007447E2 /* mac_afxImpl.h in Headers */,
				A1CFD917154FB715007447E2 /* mac_application.h in Headers */,
				A1CFD921154FB715007447E2 /* mac_dir.h in Headers */,
				A1CFD927154FB715007447E2 /* mac_factory_exchange.h in Headers */,
				A1CFD92C154FB715007447E2 /* mac_gen_1.h in Headers */,
				A1CFD934154FB715007447E2 /* mac_implementation.h in Headers */,
				A1CFD938154FB715007447E2 /* mac.h in Headers */,
				A1CFD93D154FB715007447E2 /* mac_internal.h in Headers */,
				A1CFD940154FB715007447E2 /* mac_file.h in Headers */,
				A1CFD944154FB715007447E2 /* mac_file_system.h in Headers */,
				A1CFD948154FB715007447E2 /* mac_stdio_file.h in Headers */,
				A1CFD94D154FB715007447E2 /* mac_os.h in Headers */,
				A1CFD953154FB715007447E2 /* mac_port_forward.h in Headers */,
				A1CFD957154FB715007447E2 /* mac_state.h in Headers */,
				0715B915189ED3ED00B3EBD9 /* opensslconf.h in Headers */,
				A1CFD95B154FB715007447E2 /* mac_thread.h in Headers */,
				A1CFD95D154FB715007447E2 /* mac_thread_slots.h in Headers */,
				A1CFD966154FB715007447E2 /* mac_window.h in Headers */,
				A1CFD968154FB715007447E2 /* mac_window_draw.h in Headers */,
				9A1B496416A494A600875A94 /* framework.h in Headers */,
				9A1B496916A4A32500875A94 /* mac1.h in Headers */,
				9A574B3716AA1AC7000CC4EF /* mac_copydesk.h in Headers */,
				9A574B3B16AA1E97000CC4EF /* mac_crypto.h in Headers */,
				9A574B5816AA2049000CC4EF /* mac_ip_enum.h in Headers */,
				071B28A9173FD8E700610E30 /* mac_printer.h in Headers */,
				071B28AA173FD8E700610E30 /* mac_shell.h in Headers */,
				9AA1B44117634E520019E812 /* RoundWindow.h in Headers */,
				9AA1B44317634E520019E812 /* RoundWindowFrameView.h in Headers */,
				9AA1B448176355620019E812 /* round_window.h in Headers */,
				9AC444061770AA7C00DC2349 /* _c.h in Headers */,
				9AC444081770AAB100DC2349 /* _ca.h in Headers */,
				9A8997B7177CFA3300C7761E /* mac_mm.h in Headers */,
			);
			runOnlyForDeploymentPostprocessing = 0;
		};
/* End PBXHeadersBuildPhase section */

/* Begin PBXNativeTarget section */
		A1CFD777154F5EAA007447E2 /* ca2os */ = {
			isa = PBXNativeTarget;
			buildConfigurationList = A1CFD77C154F5EAA007447E2 /* Build configuration list for PBXNativeTarget "ca2os" */;
			buildPhases = (
				A1CFD774154F5EAA007447E2 /* Sources */,
				A1CFD775154F5EAA007447E2 /* Frameworks */,
				A1CFD776154F5EAA007447E2 /* Headers */,
			);
			buildRules = (
			);
			dependencies = (
			);
			name = ca2os;
			productName = os;
			productReference = A1CFD778154F5EAA007447E2 /* libca2os.dylib */;
			productType = "com.apple.product-type.library.dynamic";
		};
/* End PBXNativeTarget section */

/* Begin PBXProject section */
		A1CFD76F154F5EA7007447E2 /* Project object */ = {
			isa = PBXProject;
			attributes = {
				LastUpgradeCheck = 0500;
				ORGANIZATIONNAME = "ca2 Desenvolvimento de Sofware Ltda.";
			};
			buildConfigurationList = A1CFD772154F5EA7007447E2 /* Build configuration list for PBXProject "os" */;
			compatibilityVersion = "Xcode 3.2";
			developmentRegion = English;
			hasScannedForEncodings = 0;
			knownRegions = (
				en,
			);
			mainGroup = A1CFD76D154F5EA7007447E2;
			productRefGroup = A1CFD779154F5EAA007447E2 /* Products */;
			projectDirPath = "";
			projectRoot = "";
			targets = (
				A1CFD777154F5EAA007447E2 /* ca2os */,
			);
		};
/* End PBXProject section */

/* Begin PBXSourcesBuildPhase section */
		A1CFD774154F5EAA007447E2 /* Sources */ = {
			isa = PBXSourcesBuildPhase;
			buildActionMask = 2147483647;
			files = (
				A1CFD910154FB715007447E2 /* mac_afxabort.cpp in Sources */,
				A1CFD912154FB715007447E2 /* mac_afxmem.cpp in Sources */,
				A1CFD913154FB715007447E2 /* mac_afxstate.cpp in Sources */,
				A1CFD914154FB715007447E2 /* mac_appcore.cpp in Sources */,
				A1CFD916154FB715007447E2 /* mac_application.cpp in Sources */,
				A1CFD918154FB715007447E2 /* mac_appmodul.cpp in Sources */,
				A1CFD919154FB715007447E2 /* mac_appterm.cpp in Sources */,
				A1CFD920154FB715007447E2 /* mac_dir.cpp in Sources */,
				A1CFD924154FB715007447E2 /* mac_dumpinit.cpp in Sources */,
				A1CFD926154FB715007447E2 /* mac_factory_exchange.cpp in Sources */,
				A1CFD92D154FB715007447E2 /* mac_genResource.cpp in Sources */,
				A1CFD939154FB715007447E2 /* mac1.cpp in Sources */,
				A1CFD93B154FB715007447E2 /* mac2.cpp in Sources */,
				A1CFD93C154FB715007447E2 /* mac_error.cpp in Sources */,
				A1CFD93F154FB715007447E2 /* mac_file.cpp in Sources */,
				A1CFD941154FB715007447E2 /* mac_file_set.cpp in Sources */,
				A1CFD943154FB715007447E2 /* mac_file_system.cpp in Sources */,
				A1CFD947154FB715007447E2 /* mac_stdio_file.cpp in Sources */,
				A1CFD949154FB715007447E2 /* mac_shell.cpp in Sources */,
				A1CFD94B154FB715007447E2 /* mac_main.cpp in Sources */,
				A1CFD94C154FB715007447E2 /* mac_os.cpp in Sources */,
				A1CFD952154FB715007447E2 /* mac_port_forward.cpp in Sources */,
				A1CFD95A154FB715007447E2 /* mac_thread.cpp in Sources */,
				A1CFD95C154FB715007447E2 /* mac_thread_local_storage.cpp in Sources */,
				A1CFD95E154FB715007447E2 /* mac_trace.cpp in Sources */,
				A1CFD961154FB715007447E2 /* mac_util.cpp in Sources */,
				A1CFD965154FB715007447E2 /* mac_window.cpp in Sources */,
				A1CFD967154FB715007447E2 /* mac_window_draw.cpp in Sources */,
				9A1B496716A4A10100875A94 /* framework.cpp in Sources */,
				9A574B3616AA1AC7000CC4EF /* mac_copydesk.cpp in Sources */,
				9A574B3A16AA1E97000CC4EF /* mac_crypto.cpp in Sources */,
				9A574B5716AA2049000CC4EF /* mac_ip_enum.cpp in Sources */,
				9A574B5A16AA3B02000CC4EF /* mac_exception.cpp in Sources */,
				071B28A8173FD8E700610E30 /* mac_printer.cpp in Sources */,
				9AA1B44217634E520019E812 /* RoundWindow.mm in Sources */,
				9AA1B44417634E520019E812 /* RoundWindowFrameView.mm in Sources */,
				9AA1B447176355620019E812 /* round_window.mm in Sources */,
			);
			runOnlyForDeploymentPostprocessing = 0;
		};
/* End PBXSourcesBuildPhase section */

/* Begin XCBuildConfiguration section */
		A1CFD77A154F5EAA007447E2 /* Debug */ = {
			isa = XCBuildConfiguration;
			buildSettings = {
				ALWAYS_SEARCH_USER_PATHS = NO;
				CLANG_ANALYZER_DEADCODE_DEADSTORES = NO;
				CLANG_CXX_LANGUAGE_STANDARD = "c++0x";
				CLANG_CXX_LIBRARY = "libc++";
				CLANG_ENABLE_OBJC_ARC = YES;
				CLANG_STATIC_ANALYZER_MODE_ON_ANALYZE_ACTION = shallow;
				CLANG_WARN_BOOL_CONVERSION = YES;
				CLANG_WARN_CONSTANT_CONVERSION = YES;
				CLANG_WARN_EMPTY_BODY = YES;
				CLANG_WARN_ENUM_CONVERSION = YES;
				CLANG_WARN_INT_CONVERSION = YES;
				CLANG_WARN__DUPLICATE_METHOD_MATCH = YES;
				COPY_PHASE_STRIP = NO;
				EXECUTABLE_EXTENSION = dylib;
				EXECUTABLE_PREFIX = lib;
				GCC_C_LANGUAGE_STANDARD = c99;
				GCC_DYNAMIC_NO_PIC = NO;
				GCC_ENABLE_OBJC_EXCEPTIONS = YES;
				GCC_OPTIMIZATION_LEVEL = 0;
				GCC_PREPROCESSOR_DEFINITIONS = (
					_DEBUG,
					"$(inherited)",
				);
				GCC_SYMBOLS_PRIVATE_EXTERN = NO;
				GCC_VERSION = com.apple.compilers.llvm.clang.1_0;
				GCC_WARN_64_TO_32_BIT_CONVERSION = YES;
				GCC_WARN_ABOUT_RETURN_TYPE = YES;
				GCC_WARN_UNDECLARED_SELECTOR = YES;
				GCC_WARN_UNINITIALIZED_AUTOS = YES;
				GCC_WARN_UNUSED_FUNCTION = YES;
				GCC_WARN_UNUSED_VARIABLE = YES;
				HEADER_SEARCH_PATHS = (
					"$(WorkspaceDir)/../../../app/thirdparty/include",
					"$(WorkspaceDir)/../../../nodeapp/thirdparty/include",
				);
				LIBRARY_SEARCH_PATHS = (
					"$(inherited)",
					"\"$(TARGET_BUILD_DIR)\"",
				);
				MACOSX_DEPLOYMENT_TARGET = 10.8;
				ONLY_ACTIVE_ARCH = YES;
				SDKROOT = macosx;
				USER_HEADER_SEARCH_PATHS = "$(WorkspaceDir)/../../../include $(WorkspaceDir)/../../../app/include . .. $(WorkspaceDir)/../../.. $(WorkspaceDir)/../../../app $(WorkspaceDir)/../../../app/appseed $(WorkspaceDir)/../../../app/appseed/core $(WorkspaceDir)/../../../app/appseed/base $(WorkspaceDir)/../.. $(WorkspaceDir)/../../thirdparty/include $(WorkspaceDir)/../../../app/thirdparty/include $(WorkspaceDir)/../../appseed $(WorkspaceDir)/../../../app/thirdparty/appseed";
				WorkspaceDir = "$(SRCROOT)/../seed/metaseed";
			};
			name = Debug;
		};
		A1CFD77B154F5EAA007447E2 /* Release */ = {
			isa = XCBuildConfiguration;
			buildSettings = {
				ALWAYS_SEARCH_USER_PATHS = NO;
				CLANG_ANALYZER_DEADCODE_DEADSTORES = NO;
				CLANG_CXX_LANGUAGE_STANDARD = "c++0x";
				CLANG_CXX_LIBRARY = "libc++";
				CLANG_ENABLE_OBJC_ARC = YES;
				CLANG_STATIC_ANALYZER_MODE_ON_ANALYZE_ACTION = shallow;
				CLANG_WARN_BOOL_CONVERSION = YES;
				CLANG_WARN_CONSTANT_CONVERSION = YES;
				CLANG_WARN_EMPTY_BODY = YES;
				CLANG_WARN_ENUM_CONVERSION = YES;
				CLANG_WARN_INT_CONVERSION = YES;
				CLANG_WARN__DUPLICATE_METHOD_MATCH = YES;
				COPY_PHASE_STRIP = YES;
				DEBUG_INFORMATION_FORMAT = "dwarf-with-dsym";
				EXECUTABLE_EXTENSION = dylib;
				EXECUTABLE_PREFIX = lib;
				GCC_C_LANGUAGE_STANDARD = c99;
				GCC_ENABLE_OBJC_EXCEPTIONS = YES;
				GCC_VERSION = com.apple.compilers.llvm.clang.1_0;
				GCC_WARN_64_TO_32_BIT_CONVERSION = YES;
				GCC_WARN_ABOUT_RETURN_TYPE = YES;
				GCC_WARN_UNDECLARED_SELECTOR = YES;
				GCC_WARN_UNINITIALIZED_AUTOS = YES;
				GCC_WARN_UNUSED_FUNCTION = YES;
				GCC_WARN_UNUSED_VARIABLE = YES;
				HEADER_SEARCH_PATHS = (
					"$(WorkspaceDir)/../../../app/thirdparty/include",
					"$(WorkspaceDir)/../../../nodeapp/thirdparty/include",
				);
				LIBRARY_SEARCH_PATHS = (
					"$(inherited)",
					"\"$(TARGET_BUILD_DIR)\"",
				);
				MACOSX_DEPLOYMENT_TARGET = 10.8;
				SDKROOT = macosx;
				USER_HEADER_SEARCH_PATHS = "$(WorkspaceDir)/../../../include $(WorkspaceDir)/../../../app/include . .. $(WorkspaceDir)/../../.. $(WorkspaceDir)/../../../app $(WorkspaceDir)/../../../app/appseed $(WorkspaceDir)/../../../app/appseed/core $(WorkspaceDir)/../../../app/appseed/base $(WorkspaceDir)/../.. $(WorkspaceDir)/../../thirdparty/include $(WorkspaceDir)/../../../app/thirdparty/include $(WorkspaceDir)/../../appseed $(WorkspaceDir)/../../../app/thirdparty/appseed";
				WorkspaceDir = "$(SRCROOT)/../seed/metaseed";
			};
			name = Release;
		};
		A1CFD77D154F5EAA007447E2 /* Debug */ = {
			isa = XCBuildConfiguration;
			buildSettings = {
				CLANG_ENABLE_OBJC_ARC = NO;
				COMBINE_HIDPI_IMAGES = YES;
				GCC_PRECOMPILE_PREFIX_HEADER = YES;
				GCC_PREFIX_HEADER = framework.h;
				LIBRARY_SEARCH_PATHS = (
					"$(inherited)",
					"$(USER_LIBRARY_DIR)/Developer/Xcode/DerivedData/all-dlckdugtwkhfjkdbgurajmehstei/Build/Products/Debug",
				);
				PRODUCT_NAME = "$(TARGET_NAME)";
			};
			name = Debug;
		};
		A1CFD77E154F5EAA007447E2 /* Release */ = {
			isa = XCBuildConfiguration;
			buildSettings = {
				CLANG_ENABLE_OBJC_ARC = NO;
				COMBINE_HIDPI_IMAGES = YES;
				GCC_PRECOMPILE_PREFIX_HEADER = YES;
				GCC_PREFIX_HEADER = framework.h;
				LIBRARY_SEARCH_PATHS = (
					"$(inherited)",
					"$(USER_LIBRARY_DIR)/Developer/Xcode/DerivedData/all-dlckdugtwkhfjkdbgurajmehstei/Build/Products/Debug",
				);
				PRODUCT_NAME = "$(TARGET_NAME)";
			};
			name = Release;
		};
/* End XCBuildConfiguration section */

/* Begin XCConfigurationList section */
		A1CFD772154F5EA7007447E2 /* Build configuration list for PBXProject "os" */ = {
			isa = XCConfigurationList;
			buildConfigurations = (
				A1CFD77A154F5EAA007447E2 /* Debug */,
				A1CFD77B154F5EAA007447E2 /* Release */,
			);
			defaultConfigurationIsVisible = 0;
			defaultConfigurationName = Release;
		};
		A1CFD77C154F5EAA007447E2 /* Build configuration list for PBXNativeTarget "ca2os" */ = {
			isa = XCConfigurationList;
			buildConfigurations = (
				A1CFD77D154F5EAA007447E2 /* Debug */,
				A1CFD77E154F5EAA007447E2 /* Release */,
			);
			defaultConfigurationIsVisible = 0;
			defaultConfigurationName = Release;
		};
/* End XCConfigurationList section */
	};
	rootObject = A1CFD76F154F5EA7007447E2 /* Project object */;
}
